{
  "version": "1.0.0",
  "lockfileVersion": 2,
  "workspaces": {
    "": {
      "name": "openfarming",
      "dependencies": {
        "stacks": "^0.72.69",
        "ts-images": "^0.2.12"
      },
      "devDependencies": {
        "@iconify-json/hugeicons": "^1.2.33",
        "pickier": "0.1.43"
      },
      "system": {
        "bun": "^1.4.0",
        "craft": "^0.0.19",
        "git": "^2.47.0",
        "sqlite": "^3.47.2"
      }
    },
    "storage/framework": {
      "name": "stacks-framework",
      "version": "0.70.163"
    },
    "storage/framework/libs/functions": {
      "name": "hello-world-fx",
      "version": "0.70.163",
      "devDependencies": {
        "stacks": "^0.70.163"
      }
    }
  },
  "packages": {
    "@iconify-json/hugeicons@1.2.33": {
      "name": "@iconify-json/hugeicons",
      "version": "1.2.33",
      "source": "npm",
      "resolved": "https://registry.npmjs.org/@iconify-json/hugeicons/-/hugeicons-1.2.33.tgz",
      "integrity": "sha512-x5a5/Ipd+v9c9qSisecCR+KMAegZuWDoVeZfp5RREdzOP9/Orec7w0BNUVZrkNOEt5oVtttCu/DXb5etc8Sfig==",
      "dependencies": {
        "@iconify/types": "*"
      }
    },
    "bun.com@1.4.0": {
      "name": "bun.com",
      "version": "1.4.0",
      "source": "pantry"
    },
    "craft-native.org@0.0.19": {
      "name": "craft-native.org",
      "version": "0.0.19",
      "source": "pantry"
    },
    "git-scm.org@2.53.0": {
      "name": "git-scm.org",
      "version": "2.53.0",
      "source": "pantry"
    },
    "pickier@0.1.43": {
      "name": "pickier",
      "version": "0.1.43",
      "source": "npm",
      "resolved": "https://registry.npmjs.org/pickier/-/pickier-0.1.43.tgz",
      "integrity": "sha512-I2o69MxhLF/yXyfgHPshzJ9Np1g0WUwZS9R3fX12V7pYSGBdBfX+/r9VcZOJDuycsoRB2IzGknp3aqSypylzzw==",
      "dependencies": {
        "@stacksjs/clapp": "^0.2.3",
        "@stacksjs/clarity": "^0.3.24"
      },
      "bin": {
        "pickier": "./dist/bin/cli.js"
      }
    },
    "sqlite.org@3.53.4": {
      "name": "sqlite.org",
      "version": "3.53.4",
      "source": "pantry"
    },
    "stacks@0.72.69": {
      "name": "stacks",
      "version": "0.72.69",
      "source": "npm",
      "resolved": "https://registry.npmjs.org/stacks/-/stacks-0.72.69.tgz",
      "integrity": "sha512-5N2yvC2rchJh1ACul22VmPFVrQG0ECbiaM4seN2PavyvIL8BKUm7k+NibxlTHTmbgD+1e7h4l2AEaJAgAeWcNg==",
      "dependencies": {
        "@stacksjs/actions": "^0.72.69",
        "@stacksjs/ai": "^0.72.69",
        "@stacksjs/alias": "^0.72.69",
        "@stacksjs/analytics": "^0.72.69",
        "@stacksjs/api": "^0.72.69",
        "@stacksjs/arrays": "^0.72.69",
        "@stacksjs/audio": "^0.72.69",
        "@stacksjs/auth": "^0.72.69",
        "@stacksjs/browser": "^0.72.69",
        "@stacksjs/browser-extension": "^0.72.69",
        "@stacksjs/buddy": "^0.72.69",
        "@stacksjs/build": "^0.72.69",
        "@stacksjs/cache": "^0.72.69",
        "@stacksjs/calendar-api": "^0.72.69",
        "@stacksjs/charts": "^0.72.69",
        "@stacksjs/chat": "^0.72.69",
        "@stacksjs/cli": "^0.72.69",
        "@stacksjs/cloud": "^0.72.69",
        "@stacksjs/cms": "^0.72.69",
        "@stacksjs/collections": "^0.72.69",
        "@stacksjs/commerce": "^0.72.69",
        "@stacksjs/composables": "^0.72.69",
        "@stacksjs/config": "^0.72.69",
        "@stacksjs/cron": "^0.72.69",
        "@stacksjs/database": "^0.72.69",
        "@stacksjs/datetime": "^0.72.69",
        "@stacksjs/defaults": "^0.72.69",
        "@stacksjs/desktop": "^0.2.197",
        "@stacksjs/dns": "^0.72.69",
        "@stacksjs/docs": "^0.72.69",
        "@stacksjs/email": "^0.72.69",
        "@stacksjs/enums": "^0.72.69",
        "@stacksjs/env": "^0.72.69",
        "@stacksjs/error-handling": "^0.72.69",
        "@stacksjs/events": "^0.72.69",
        "@stacksjs/faker": "^0.72.69",
        "@stacksjs/feature-flags": "^0.72.69",
        "@stacksjs/git": "^0.72.69",
        "@stacksjs/github": "^0.72.69",
        "@stacksjs/health": "^0.72.69",
        "@stacksjs/http": "^0.72.69",
        "@stacksjs/i18n": "^0.72.69",
        "@stacksjs/image": "^0.72.69",
        "@stacksjs/lint": "^0.72.69",
        "@stacksjs/logging": "^0.72.69",
        "@stacksjs/mobile": "^0.72.69",
        "@stacksjs/newsletter": "^0.72.69",
        "@stacksjs/notifications": "^0.72.69",
        "@stacksjs/objects": "^0.72.69",
        "@stacksjs/orm": "^0.72.69",
        "@stacksjs/path": "^0.72.69",
        "@stacksjs/payments": "^0.72.69",
        "@stacksjs/push": "^0.72.69",
        "@stacksjs/query-builder": "^0.72.69",
        "@stacksjs/queue": "^0.72.69",
        "@stacksjs/realtime": "^0.72.69",
        "@stacksjs/registry": "^0.72.69",
        "@stacksjs/repl": "^0.72.69",
        "@stacksjs/router": "^0.72.69",
        "@stacksjs/scheduler": "^0.72.69",
        "@stacksjs/search-engine": "^0.72.69",
        "@stacksjs/security": "^0.72.69",
        "@stacksjs/server": "^0.72.69",
        "@stacksjs/shell": "^0.72.69",
        "@stacksjs/skills": "^0.72.69",
        "@stacksjs/slug": "^0.72.69",
        "@stacksjs/sms": "^0.72.69",
        "@stacksjs/socials": "^0.72.69",
        "@stacksjs/storage": "^0.72.69",
        "@stacksjs/strings": "^0.72.69",
        "@stacksjs/testing": "^0.72.69",
        "@stacksjs/tinker": "^0.72.69",
        "@stacksjs/tlsx": "^0.13.0",
        "@stacksjs/ts-cloud": "^0.12.3",
        "@stacksjs/tunnel": "^0.72.69",
        "@stacksjs/types": "^0.72.69",
        "@stacksjs/ui": "^0.72.69",
        "@stacksjs/utils": "^0.72.69",
        "@stacksjs/validation": "^0.72.69",
        "@stacksjs/video": "^0.72.69",
        "@stacksjs/whois": "^0.72.69",
        "bun-query-builder": "^0.2.53"
      }
    },
    "ts-images@0.2.12": {
      "name": "ts-images",
      "version": "0.2.12",
      "source": "npm",
      "resolved": "https://registry.npmjs.org/ts-images/-/ts-images-0.2.12.tgz",
      "integrity": "sha512-HdwJocQhIql9HI53Nl0pOLndYAkrlwxSxxUqU1WX/VITf0nrPNxQGzRH1dKy80hmqGQmSvPqX0O3UagNSSBQjw==",
      "dependencies": {
        "@stacksjs/ts-avif": "^0.1.0",
        "@stacksjs/ts-bmp": "^0.1.0",
        "@stacksjs/ts-png": "^0.1.2",
        "@stacksjs/ts-svg": "^0.1.1",
        "@stacksjs/ts-webp": "^0.1.2",
        "ts-gif": "^0.1.2",
        "ts-jpeg": "^0.3.1"
      },
      "bin": {
        "imgx": "./dist/bin/cli.js"
      }
    }
  }
}
