{
  "version": "1.0.0",
  "lockfileVersion": 2,
  "workspaces": {
    "": {
      "name": "openfarming",
      "dependencies": {
        "@stacksjs/stx": "^0.2.110",
        "@stacksjs/ts-cloud": "^0.7.78",
        "bun-plugin-stx": "^0.2.110",
        "bun-query-builder": "^0.1.59",
        "stacks": "^0.70.194",
        "ts-images": "^0.2.5"
      },
      "devDependencies": {
        "@iconify-json/hugeicons": "^1.2.31",
        "pickier": "0.1.43"
      },
      "system": {
        "bun": "^1.3.0",
        "craft": "^0.0.19",
        "git": "^2.47.0",
        "sqlite": "^3.47.2"
      }
    },
    "storage/framework": {
      "name": "stacks-framework",
      "version": "0.70.163"
    },
    "storage/framework/libs/functions": {
      "name": "hello-world-fx",
      "version": "0.70.163",
      "devDependencies": {
        "stacks": "^0.70.163"
      }
    }
  },
  "packages": {
    "@iconify-json/hugeicons@1.2.31": {
      "name": "@iconify-json/hugeicons",
      "version": "1.2.31",
      "source": "npm",
      "resolved": "https://registry.npmjs.org/@iconify-json/hugeicons/-/hugeicons-1.2.31.tgz",
      "integrity": "sha512-0/s8YasmZo+uXLBaih4kH7KS0qRvPXlDA6i/pbwZYJgismbwAQzibq/3FsWKk9vzublaDovM9u0Yhz4VEAGLOw==",
      "dependencies": {
        "@iconify/types": "*"
      }
    },
    "@stacksjs/stx@0.2.110": {
      "name": "@stacksjs/stx",
      "version": "0.2.110",
      "source": "npm",
      "resolved": "https://registry.npmjs.org/@stacksjs/stx/-/stx-0.2.110.tgz",
      "integrity": "sha512-xhCjWAUACQ5iosAyRBSje0w6uU66EgqumZPmUpLFbyNIoPYSjmUsB5NC6I1TvwYWg1ESXwVdgjXzIxA85CVcjg==",
      "dependencies": {
        "@cwcss/crosswind": "^0.2.6",
        "@stacksjs/clapp": "^0.2.0",
        "@stacksjs/sanitizer": "0.2.110",
        "@stacksjs/ts-i18n": "^0.1.11",
        "bun-plugin-stx": "0.2.110",
        "bunfig": "^0.15.15",
        "stx-router": "0.2.110",
        "ts-broadcasting": "^0.0.9",
        "ts-images": "^0.1.9",
        "ts-syntax-highlighter": "^0.2.1"
      },
      "bin": {
        "stx": "./dist/cli.js"
      }
    },
    "@stacksjs/ts-cloud@0.7.78": {
      "name": "@stacksjs/ts-cloud",
      "version": "0.7.78",
      "source": "npm",
      "resolved": "https://registry.npmjs.org/@stacksjs/ts-cloud/-/ts-cloud-0.7.78.tgz",
      "integrity": "sha512-mwSItJPiP+9dNLb7sEUDdcH3ZtLn/0MwYUSdtK+NXBPlbRSXAz/qNrrIm3b/KAJGJd1MOwmSoaSUfUOx0qsw9w==",
      "dependencies": {
        "@stacksjs/ts-xml": "^0.1.0",
        "@ts-cloud/aws-types": "0.7.78",
        "@ts-cloud/core": "0.7.78"
      },
      "bin": {
        "cloud": "./dist/bin/cli.js"
      }
    },
    "bun-plugin-stx@0.2.110": {
      "name": "bun-plugin-stx",
      "version": "0.2.110",
      "source": "npm",
      "resolved": "https://registry.npmjs.org/bun-plugin-stx/-/bun-plugin-stx-0.2.110.tgz",
      "integrity": "sha512-2Obx2imR71inxfgXLdrsimU//WpSt/1FdCNqCsuDa3TzL9K/gXdMZrhWQ6ViU7YDCgOC5LFoAe9aa8Y/MfEIwg==",
      "dependencies": {
        "@stacksjs/stx": "^0.2.72",
        "stx-router": "^0.2.72"
      },
      "bin": {
        "serve": "./dist/serve.js",
        "stx-serve": "./dist/serve.js"
      }
    },
    "bun-query-builder@0.1.60": {
      "name": "bun-query-builder",
      "version": "0.1.60",
      "source": "npm",
      "resolved": "https://registry.npmjs.org/bun-query-builder/-/bun-query-builder-0.1.60.tgz",
      "integrity": "sha512-FUT3Toatmc9VJ2xhEw8/bqy0aKuIHW8vLMP97g/SZ+lxTbCT4ZZM2ezhnR+jstKzDyVAfwSjd5UuefL7v7CZrQ==",
      "dependencies": {
        "@stacksjs/clapp": "^0.2.0",
        "@stacksjs/ts-faker": "^0.1.8",
        "@stacksjs/ts-validation": "^0.5.0",
        "dynamodb-tooling": "^0.3.5"
      },
      "bin": {
        "qb": "./dist/bin/cli.js",
        "qbx": "./dist/bin/cli.js",
        "query-builder": "./dist/bin/cli.js"
      }
    },
    "bun.sh@1.3.14": {
      "name": "bun.sh",
      "version": "1.3.14",
      "source": "pantry"
    },
    "craft-native.org@0.0.19": {
      "name": "craft-native.org",
      "version": "0.0.19",
      "source": "pantry"
    },
    "git-scm.org@2.53.0": {
      "name": "git-scm.org",
      "version": "2.53.0",
      "source": "pantry"
    },
    "pickier@0.1.43": {
      "name": "pickier",
      "version": "0.1.43",
      "source": "npm",
      "resolved": "https://registry.npmjs.org/pickier/-/pickier-0.1.43.tgz",
      "integrity": "sha512-I2o69MxhLF/yXyfgHPshzJ9Np1g0WUwZS9R3fX12V7pYSGBdBfX+/r9VcZOJDuycsoRB2IzGknp3aqSypylzzw==",
      "dependencies": {
        "@stacksjs/clapp": "^0.2.3",
        "@stacksjs/clarity": "^0.3.24"
      },
      "bin": {
        "pickier": "./dist/bin/cli.js"
      }
    },
    "sqlite.org@3.53.4": {
      "name": "sqlite.org",
      "version": "3.53.4",
      "source": "pantry"
    },
    "stacks@0.70.194": {
      "name": "stacks",
      "version": "0.70.194",
      "source": "npm",
      "resolved": "https://registry.npmjs.org/stacks/-/stacks-0.70.194.tgz",
      "integrity": "sha512-S1gC2bLK5fTqjTgXnYaazCovZTC8gdOmCNfhuZU09Bji5ODcVNnnbuIRJJEtqCVA7L6/j62AuEUPhALSTBKOPQ==",
      "dependencies": {
        "@stacksjs/actions": "^0.70.194",
        "@stacksjs/ai": "^0.70.194",
        "@stacksjs/alias": "^0.70.194",
        "@stacksjs/analytics": "^0.70.194",
        "@stacksjs/api": "^0.70.194",
        "@stacksjs/arrays": "^0.70.194",
        "@stacksjs/audio": "^0.70.194",
        "@stacksjs/auth": "^0.70.194",
        "@stacksjs/browser": "^0.70.194",
        "@stacksjs/browser-extension": "^0.70.194",
        "@stacksjs/buddy": "^0.70.194",
        "@stacksjs/build": "^0.70.194",
        "@stacksjs/cache": "^0.70.194",
        "@stacksjs/calendar-api": "^0.70.194",
        "@stacksjs/charts": "^0.70.194",
        "@stacksjs/chat": "^0.70.194",
        "@stacksjs/cli": "^0.70.194",
        "@stacksjs/cloud": "^0.70.194",
        "@stacksjs/cms": "^0.70.194",
        "@stacksjs/collections": "^0.70.194",
        "@stacksjs/commerce": "^0.70.194",
        "@stacksjs/composables": "^0.70.194",
        "@stacksjs/config": "^0.70.194",
        "@stacksjs/cron": "^0.70.194",
        "@stacksjs/database": "^0.70.194",
        "@stacksjs/datetime": "^0.70.194",
        "@stacksjs/defaults": "^0.70.194",
        "@stacksjs/desktop": "^0.70.194",
        "@stacksjs/dns": "^0.70.194",
        "@stacksjs/docs": "^0.70.194",
        "@stacksjs/email": "^0.70.194",
        "@stacksjs/enums": "^0.70.194",
        "@stacksjs/env": "^0.70.194",
        "@stacksjs/error-handling": "^0.70.194",
        "@stacksjs/events": "^0.70.194",
        "@stacksjs/faker": "^0.70.194",
        "@stacksjs/feature-flags": "^0.70.194",
        "@stacksjs/git": "^0.70.194",
        "@stacksjs/github": "^0.70.194",
        "@stacksjs/health": "^0.70.194",
        "@stacksjs/http": "^0.70.194",
        "@stacksjs/i18n": "^0.70.194",
        "@stacksjs/image": "^0.70.194",
        "@stacksjs/lint": "^0.70.194",
        "@stacksjs/logging": "^0.70.194",
        "@stacksjs/newsletter": "^0.70.194",
        "@stacksjs/notifications": "^0.70.194",
        "@stacksjs/objects": "^0.70.194",
        "@stacksjs/orm": "^0.70.194",
        "@stacksjs/path": "^0.70.194",
        "@stacksjs/payments": "^0.70.194",
        "@stacksjs/push": "^0.70.194",
        "@stacksjs/query-builder": "^0.70.194",
        "@stacksjs/queue": "^0.70.194",
        "@stacksjs/realtime": "^0.70.194",
        "@stacksjs/registry": "^0.70.194",
        "@stacksjs/repl": "^0.70.194",
        "@stacksjs/router": "^0.70.194",
        "@stacksjs/scheduler": "^0.70.194",
        "@stacksjs/search-engine": "^0.70.194",
        "@stacksjs/security": "^0.70.194",
        "@stacksjs/server": "^0.70.194",
        "@stacksjs/shell": "^0.70.194",
        "@stacksjs/skills": "^0.70.194",
        "@stacksjs/slug": "^0.70.194",
        "@stacksjs/sms": "^0.70.194",
        "@stacksjs/socials": "^0.70.194",
        "@stacksjs/storage": "^0.70.194",
        "@stacksjs/strings": "^0.70.194",
        "@stacksjs/testing": "^0.70.194",
        "@stacksjs/tinker": "^0.70.194",
        "@stacksjs/tlsx": "^0.13.0",
        "@stacksjs/ts-cloud": "^0.7.78",
        "@stacksjs/tunnel": "^0.70.194",
        "@stacksjs/types": "^0.70.194",
        "@stacksjs/ui": "^0.70.194",
        "@stacksjs/utils": "^0.70.194",
        "@stacksjs/validation": "^0.70.194",
        "@stacksjs/video": "^0.70.194",
        "@stacksjs/whois": "^0.70.194",
        "better-dx": "^0.2.17",
        "bun-query-builder": "^0.1.56"
      }
    },
    "ts-images@0.2.5": {
      "name": "ts-images",
      "version": "0.2.5",
      "source": "npm",
      "resolved": "https://registry.npmjs.org/ts-images/-/ts-images-0.2.5.tgz",
      "integrity": "sha512-dFaJ2VvarpTi1c4OUGMlUGgx2NZDzbeabvxptQSboLVklkwyMHwdqEmlMjZ2a9nOF7XcSBLvhCYm1CDM53nFtw==",
      "dependencies": {
        "@stacksjs/ts-avif": "^0.1.0",
        "@stacksjs/ts-bmp": "^0.1.0",
        "@stacksjs/ts-png": "^0.1.2",
        "@stacksjs/ts-svg": "^0.1.1",
        "@stacksjs/ts-webp": "^0.1.0",
        "ts-gif": "^0.1.2",
        "ts-jpeg": "^0.3.1"
      },
      "bin": {
        "imgx": "./dist/bin/cli.js"
      }
    }
  }
}
